
Microsoft Visual Studio Solution File, Format Version 12.00
# Visual Studio 15
VisualStudioVersion = 15.0.27703.2042
MinimumVisualStudioVersion = 10.0.40219.1
Project("{8BC9CEB8-8B4A-11D0-8D11-00A0C91BC942}") = "MXFastLauncher", "MXFastLauncher\MXFastLauncher.vcxproj", "{3400B42C-24EA-441D-AEB5-8CA05F76DB6E}"
EndProject
Project("{8BC9CEB8-8B4A-11D0-8D11-00A0C91BC942}") = "DuiLib", "..\..\DuiLib_Ultimate\DuiLib\DuiLib.vcxproj", "{E106ACD7-4E53-4AEE-942B-D0DD426DB34E}"
EndProject
Project("{2150E333-8FDC-42A3-9474-1A3956D46DE8}") = "ref", "ref", "{9A0FBA1A-29BE-413D-A698-5D77F838A60C}"
EndProject
Project("{8BC9CEB8-8B4A-11D0-8D11-00A0C91BC942}") = "MXLauncher", "MXLauncher\MXLauncher.vcxproj", "{ECFEBF67-EA3E-4EE0-B864-03FB9699F7B2}"
EndProject
Project("{8BC9CEB8-8B4A-11D0-8D11-00A0C91BC942}") = "mdk", "..\..\MXToolkit\mdk\mdk_static\mdk.vcxproj", "{BDEECB07-06F7-4A4C-8942-AE54B1D33088}"
EndProject
Global
	GlobalSection(SolutionConfigurationPlatforms) = preSolution
		Debug|x64 = Debug|x64
		Debug|x86 = Debug|x86
		DebugA|x64 = DebugA|x64
		DebugA|x86 = DebugA|x86
		Release|x64 = Release|x64
		Release|x86 = Release|x86
		ReleaseA|x64 = ReleaseA|x64
		ReleaseA|x86 = ReleaseA|x86
		SDebug|x64 = SDebug|x64
		SDebug|x86 = SDebug|x86
		SDebugA|x64 = SDebugA|x64
		SDebugA|x86 = SDebugA|x86
		SRelease|x64 = SRelease|x64
		SRelease|x86 = SRelease|x86
		SReleaseA|x64 = SReleaseA|x64
		SReleaseA|x86 = SReleaseA|x86
	EndGlobalSection
	GlobalSection(ProjectConfigurationPlatforms) = postSolution
		{3400B42C-24EA-441D-AEB5-8CA05F76DB6E}.Debug|x64.ActiveCfg = Debug|x64
		{3400B42C-24EA-441D-AEB5-8CA05F76DB6E}.Debug|x64.Build.0 = Debug|x64
		{3400B42C-24EA-441D-AEB5-8CA05F76DB6E}.Debug|x86.ActiveCfg = Debug|Win32
		{3400B42C-24EA-441D-AEB5-8CA05F76DB6E}.Debug|x86.Build.0 = Debug|Win32
		{3400B42C-24EA-441D-AEB5-8CA05F76DB6E}.DebugA|x64.ActiveCfg = Debug|x64
		{3400B42C-24EA-441D-AEB5-8CA05F76DB6E}.DebugA|x64.Build.0 = Debug|x64
		{3400B42C-24EA-441D-AEB5-8CA05F76DB6E}.DebugA|x86.ActiveCfg = Debug|Win32
		{3400B42C-24EA-441D-AEB5-8CA05F76DB6E}.DebugA|x86.Build.0 = Debug|Win32
		{3400B42C-24EA-441D-AEB5-8CA05F76DB6E}.Release|x64.ActiveCfg = Release|x64
		{3400B42C-24EA-441D-AEB5-8CA05F76DB6E}.Release|x64.Build.0 = Release|x64
		{3400B42C-24EA-441D-AEB5-8CA05F76DB6E}.Release|x86.ActiveCfg = Release|Win32
		{3400B42C-24EA-441D-AEB5-8CA05F76DB6E}.Release|x86.Build.0 = Release|Win32
		{3400B42C-24EA-441D-AEB5-8CA05F76DB6E}.ReleaseA|x64.ActiveCfg = Release|x64
		{3400B42C-24EA-441D-AEB5-8CA05F76DB6E}.ReleaseA|x64.Build.0 = Release|x64
		{3400B42C-24EA-441D-AEB5-8CA05F76DB6E}.ReleaseA|x86.ActiveCfg = Release|Win32
		{3400B42C-24EA-441D-AEB5-8CA05F76DB6E}.ReleaseA|x86.Build.0 = Release|Win32
		{3400B42C-24EA-441D-AEB5-8CA05F76DB6E}.SDebug|x64.ActiveCfg = Debug|x64
		{3400B42C-24EA-441D-AEB5-8CA05F76DB6E}.SDebug|x64.Build.0 = Debug|x64
		{3400B42C-24EA-441D-AEB5-8CA05F76DB6E}.SDebug|x86.ActiveCfg = Debug|Win32
		{3400B42C-24EA-441D-AEB5-8CA05F76DB6E}.SDebug|x86.Build.0 = Debug|Win32
		{3400B42C-24EA-441D-AEB5-8CA05F76DB6E}.SDebugA|x64.ActiveCfg = Debug|x64
		{3400B42C-24EA-441D-AEB5-8CA05F76DB6E}.SDebugA|x64.Build.0 = Debug|x64
		{3400B42C-24EA-441D-AEB5-8CA05F76DB6E}.SDebugA|x86.ActiveCfg = Debug|Win32
		{3400B42C-24EA-441D-AEB5-8CA05F76DB6E}.SDebugA|x86.Build.0 = Debug|Win32
		{3400B42C-24EA-441D-AEB5-8CA05F76DB6E}.SRelease|x64.ActiveCfg = Release|x64
		{3400B42C-24EA-441D-AEB5-8CA05F76DB6E}.SRelease|x64.Build.0 = Release|x64
		{3400B42C-24EA-441D-AEB5-8CA05F76DB6E}.SRelease|x86.ActiveCfg = Release|Win32
		{3400B42C-24EA-441D-AEB5-8CA05F76DB6E}.SRelease|x86.Build.0 = Release|Win32
		{3400B42C-24EA-441D-AEB5-8CA05F76DB6E}.SReleaseA|x64.ActiveCfg = Release|x64
		{3400B42C-24EA-441D-AEB5-8CA05F76DB6E}.SReleaseA|x64.Build.0 = Release|x64
		{3400B42C-24EA-441D-AEB5-8CA05F76DB6E}.SReleaseA|x86.ActiveCfg = Release|Win32
		{3400B42C-24EA-441D-AEB5-8CA05F76DB6E}.SReleaseA|x86.Build.0 = Release|Win32
		{E106ACD7-4E53-4AEE-942B-D0DD426DB34E}.Debug|x64.ActiveCfg = Debug|x64
		{E106ACD7-4E53-4AEE-942B-D0DD426DB34E}.Debug|x64.Build.0 = Debug|x64
		{E106ACD7-4E53-4AEE-942B-D0DD426DB34E}.Debug|x86.ActiveCfg = Debug|Win32
		{E106ACD7-4E53-4AEE-942B-D0DD426DB34E}.Debug|x86.Build.0 = Debug|Win32
		{E106ACD7-4E53-4AEE-942B-D0DD426DB34E}.DebugA|x64.ActiveCfg = DebugA|x64
		{E106ACD7-4E53-4AEE-942B-D0DD426DB34E}.DebugA|x64.Build.0 = DebugA|x64
		{E106ACD7-4E53-4AEE-942B-D0DD426DB34E}.DebugA|x86.ActiveCfg = DebugA|Win32
		{E106ACD7-4E53-4AEE-942B-D0DD426DB34E}.DebugA|x86.Build.0 = DebugA|Win32
		{E106ACD7-4E53-4AEE-942B-D0DD426DB34E}.Release|x64.ActiveCfg = Release|x64
		{E106ACD7-4E53-4AEE-942B-D0DD426DB34E}.Release|x64.Build.0 = Release|x64
		{E106ACD7-4E53-4AEE-942B-D0DD426DB34E}.Release|x86.ActiveCfg = Release|Win32
		{E106ACD7-4E53-4AEE-942B-D0DD426DB34E}.Release|x86.Build.0 = Release|Win32
		{E106ACD7-4E53-4AEE-942B-D0DD426DB34E}.ReleaseA|x64.ActiveCfg = ReleaseA|x64
		{E106ACD7-4E53-4AEE-942B-D0DD426DB34E}.ReleaseA|x64.Build.0 = ReleaseA|x64
		{E106ACD7-4E53-4AEE-942B-D0DD426DB34E}.ReleaseA|x86.ActiveCfg = ReleaseA|Win32
		{E106ACD7-4E53-4AEE-942B-D0DD426DB34E}.ReleaseA|x86.Build.0 = ReleaseA|Win32
		{E106ACD7-4E53-4AEE-942B-D0DD426DB34E}.SDebug|x64.ActiveCfg = SDebug|x64
		{E106ACD7-4E53-4AEE-942B-D0DD426DB34E}.SDebug|x64.Build.0 = SDebug|x64
		{E106ACD7-4E53-4AEE-942B-D0DD426DB34E}.SDebug|x86.ActiveCfg = SDebug|Win32
		{E106ACD7-4E53-4AEE-942B-D0DD426DB34E}.SDebug|x86.Build.0 = SDebug|Win32
		{E106ACD7-4E53-4AEE-942B-D0DD426DB34E}.SDebugA|x64.ActiveCfg = SDebugA|x64
		{E106ACD7-4E53-4AEE-942B-D0DD426DB34E}.SDebugA|x64.Build.0 = SDebugA|x64
		{E106ACD7-4E53-4AEE-942B-D0DD426DB34E}.SDebugA|x86.ActiveCfg = SDebugA|Win32
		{E106ACD7-4E53-4AEE-942B-D0DD426DB34E}.SDebugA|x86.Build.0 = SDebugA|Win32
		{E106ACD7-4E53-4AEE-942B-D0DD426DB34E}.SRelease|x64.ActiveCfg = SRelease|x64
		{E106ACD7-4E53-4AEE-942B-D0DD426DB34E}.SRelease|x64.Build.0 = SRelease|x64
		{E106ACD7-4E53-4AEE-942B-D0DD426DB34E}.SRelease|x86.ActiveCfg = SRelease|Win32
		{E106ACD7-4E53-4AEE-942B-D0DD426DB34E}.SRelease|x86.Build.0 = SRelease|Win32
		{E106ACD7-4E53-4AEE-942B-D0DD426DB34E}.SReleaseA|x64.ActiveCfg = SReleaseA|x64
		{E106ACD7-4E53-4AEE-942B-D0DD426DB34E}.SReleaseA|x64.Build.0 = SReleaseA|x64
		{E106ACD7-4E53-4AEE-942B-D0DD426DB34E}.SReleaseA|x86.ActiveCfg = SReleaseA|Win32
		{E106ACD7-4E53-4AEE-942B-D0DD426DB34E}.SReleaseA|x86.Build.0 = SReleaseA|Win32
		{ECFEBF67-EA3E-4EE0-B864-03FB9699F7B2}.Debug|x64.ActiveCfg = Debug|x64
		{ECFEBF67-EA3E-4EE0-B864-03FB9699F7B2}.Debug|x64.Build.0 = Debug|x64
		{ECFEBF67-EA3E-4EE0-B864-03FB9699F7B2}.Debug|x86.ActiveCfg = Debug|Win32
		{ECFEBF67-EA3E-4EE0-B864-03FB9699F7B2}.Debug|x86.Build.0 = Debug|Win32
		{ECFEBF67-EA3E-4EE0-B864-03FB9699F7B2}.DebugA|x64.ActiveCfg = Debug|x64
		{ECFEBF67-EA3E-4EE0-B864-03FB9699F7B2}.DebugA|x64.Build.0 = Debug|x64
		{ECFEBF67-EA3E-4EE0-B864-03FB9699F7B2}.DebugA|x86.ActiveCfg = Debug|Win32
		{ECFEBF67-EA3E-4EE0-B864-03FB9699F7B2}.DebugA|x86.Build.0 = Debug|Win32
		{ECFEBF67-EA3E-4EE0-B864-03FB9699F7B2}.Release|x64.ActiveCfg = Release|x64
		{ECFEBF67-EA3E-4EE0-B864-03FB9699F7B2}.Release|x64.Build.0 = Release|x64
		{ECFEBF67-EA3E-4EE0-B864-03FB9699F7B2}.Release|x86.ActiveCfg = Release|Win32
		{ECFEBF67-EA3E-4EE0-B864-03FB9699F7B2}.Release|x86.Build.0 = Release|Win32
		{ECFEBF67-EA3E-4EE0-B864-03FB9699F7B2}.ReleaseA|x64.ActiveCfg = Release|x64
		{ECFEBF67-EA3E-4EE0-B864-03FB9699F7B2}.ReleaseA|x64.Build.0 = Release|x64
		{ECFEBF67-EA3E-4EE0-B864-03FB9699F7B2}.ReleaseA|x86.ActiveCfg = Release|Win32
		{ECFEBF67-EA3E-4EE0-B864-03FB9699F7B2}.ReleaseA|x86.Build.0 = Release|Win32
		{ECFEBF67-EA3E-4EE0-B864-03FB9699F7B2}.SDebug|x64.ActiveCfg = Debug|x64
		{ECFEBF67-EA3E-4EE0-B864-03FB9699F7B2}.SDebug|x64.Build.0 = Debug|x64
		{ECFEBF67-EA3E-4EE0-B864-03FB9699F7B2}.SDebug|x86.ActiveCfg = Debug|Win32
		{ECFEBF67-EA3E-4EE0-B864-03FB9699F7B2}.SDebug|x86.Build.0 = Debug|Win32
		{ECFEBF67-EA3E-4EE0-B864-03FB9699F7B2}.SDebugA|x64.ActiveCfg = Debug|x64
		{ECFEBF67-EA3E-4EE0-B864-03FB9699F7B2}.SDebugA|x64.Build.0 = Debug|x64
		{ECFEBF67-EA3E-4EE0-B864-03FB9699F7B2}.SDebugA|x86.ActiveCfg = Debug|Win32
		{ECFEBF67-EA3E-4EE0-B864-03FB9699F7B2}.SDebugA|x86.Build.0 = Debug|Win32
		{ECFEBF67-EA3E-4EE0-B864-03FB9699F7B2}.SRelease|x64.ActiveCfg = Release|x64
		{ECFEBF67-EA3E-4EE0-B864-03FB9699F7B2}.SRelease|x64.Build.0 = Release|x64
		{ECFEBF67-EA3E-4EE0-B864-03FB9699F7B2}.SRelease|x86.ActiveCfg = Release|Win32
		{ECFEBF67-EA3E-4EE0-B864-03FB9699F7B2}.SRelease|x86.Build.0 = Release|Win32
		{ECFEBF67-EA3E-4EE0-B864-03FB9699F7B2}.SReleaseA|x64.ActiveCfg = Release|x64
		{ECFEBF67-EA3E-4EE0-B864-03FB9699F7B2}.SReleaseA|x64.Build.0 = Release|x64
		{ECFEBF67-EA3E-4EE0-B864-03FB9699F7B2}.SReleaseA|x86.ActiveCfg = Release|Win32
		{ECFEBF67-EA3E-4EE0-B864-03FB9699F7B2}.SReleaseA|x86.Build.0 = Release|Win32
		{BDEECB07-06F7-4A4C-8942-AE54B1D33088}.Debug|x64.ActiveCfg = Debug|Win32
		{BDEECB07-06F7-4A4C-8942-AE54B1D33088}.Debug|x86.ActiveCfg = Debug|Win32
		{BDEECB07-06F7-4A4C-8942-AE54B1D33088}.Debug|x86.Build.0 = Debug|Win32
		{BDEECB07-06F7-4A4C-8942-AE54B1D33088}.DebugA|x64.ActiveCfg = Release|Win32
		{BDEECB07-06F7-4A4C-8942-AE54B1D33088}.DebugA|x64.Build.0 = Release|Win32
		{BDEECB07-06F7-4A4C-8942-AE54B1D33088}.DebugA|x86.ActiveCfg = Debug|Win32
		{BDEECB07-06F7-4A4C-8942-AE54B1D33088}.DebugA|x86.Build.0 = Debug|Win32
		{BDEECB07-06F7-4A4C-8942-AE54B1D33088}.Release|x64.ActiveCfg = Release|Win32
		{BDEECB07-06F7-4A4C-8942-AE54B1D33088}.Release|x86.ActiveCfg = Release|Win32
		{BDEECB07-06F7-4A4C-8942-AE54B1D33088}.Release|x86.Build.0 = Release|Win32
		{BDEECB07-06F7-4A4C-8942-AE54B1D33088}.ReleaseA|x64.ActiveCfg = Release|Win32
		{BDEECB07-06F7-4A4C-8942-AE54B1D33088}.ReleaseA|x64.Build.0 = Release|Win32
		{BDEECB07-06F7-4A4C-8942-AE54B1D33088}.ReleaseA|x86.ActiveCfg = Release|Win32
		{BDEECB07-06F7-4A4C-8942-AE54B1D33088}.ReleaseA|x86.Build.0 = Release|Win32
		{BDEECB07-06F7-4A4C-8942-AE54B1D33088}.SDebug|x64.ActiveCfg = Release|Win32
		{BDEECB07-06F7-4A4C-8942-AE54B1D33088}.SDebug|x64.Build.0 = Release|Win32
		{BDEECB07-06F7-4A4C-8942-AE54B1D33088}.SDebug|x86.ActiveCfg = Debug|Win32
		{BDEECB07-06F7-4A4C-8942-AE54B1D33088}.SDebug|x86.Build.0 = Debug|Win32
		{BDEECB07-06F7-4A4C-8942-AE54B1D33088}.SDebugA|x64.ActiveCfg = Release|Win32
		{BDEECB07-06F7-4A4C-8942-AE54B1D33088}.SDebugA|x64.Build.0 = Release|Win32
		{BDEECB07-06F7-4A4C-8942-AE54B1D33088}.SDebugA|x86.ActiveCfg = Debug|Win32
		{BDEECB07-06F7-4A4C-8942-AE54B1D33088}.SDebugA|x86.Build.0 = Debug|Win32
		{BDEECB07-06F7-4A4C-8942-AE54B1D33088}.SRelease|x64.ActiveCfg = Release|Win32
		{BDEECB07-06F7-4A4C-8942-AE54B1D33088}.SRelease|x64.Build.0 = Release|Win32
		{BDEECB07-06F7-4A4C-8942-AE54B1D33088}.SRelease|x86.ActiveCfg = Release|Win32
		{BDEECB07-06F7-4A4C-8942-AE54B1D33088}.SRelease|x86.Build.0 = Release|Win32
		{BDEECB07-06F7-4A4C-8942-AE54B1D33088}.SReleaseA|x64.ActiveCfg = Release|Win32
		{BDEECB07-06F7-4A4C-8942-AE54B1D33088}.SReleaseA|x64.Build.0 = Release|Win32
		{BDEECB07-06F7-4A4C-8942-AE54B1D33088}.SReleaseA|x86.ActiveCfg = Release|Win32
		{BDEECB07-06F7-4A4C-8942-AE54B1D33088}.SReleaseA|x86.Build.0 = Release|Win32
	EndGlobalSection
	GlobalSection(SolutionProperties) = preSolution
		HideSolutionNode = FALSE
	EndGlobalSection
	GlobalSection(NestedProjects) = preSolution
		{E106ACD7-4E53-4AEE-942B-D0DD426DB34E} = {9A0FBA1A-29BE-413D-A698-5D77F838A60C}
		{BDEECB07-06F7-4A4C-8942-AE54B1D33088} = {9A0FBA1A-29BE-413D-A698-5D77F838A60C}
	EndGlobalSection
	GlobalSection(ExtensibilityGlobals) = postSolution
		SolutionGuid = {F6DBB912-9275-44BD-A008-1DAD46B3F82A}
	EndGlobalSection
EndGlobal
